
Microsoft Visual Studio Solution File, Format Version 12.00
# Visual Studio Version 17
VisualStudioVersion = 17.10.35004.147
MinimumVisualStudioVersion = 10.0.40219.1
Project("{8BC9CEB8-8B4A-11D0-8D11-00A0C91BC942}") = "учебная практика", "учебная практика\учебная практика.vcxproj", "{312A0B9C-1D1B-4225-8BDA-406EA6F7E4A4}"
EndProject
Global
	GlobalSection(SolutionConfigurationPlatforms) = preSolution
		Debug|x64 = Debug|x64
		Debug|x86 = Debug|x86
		Release|x64 = Release|x64
		Release|x86 = Release|x86
	EndGlobalSection
	GlobalSection(ProjectConfigurationPlatforms) = postSolution
		{312A0B9C-1D1B-4225-8BDA-406EA6F7E4A4}.Debug|x64.ActiveCfg = Debug|x64
		{312A0B9C-1D1B-4225-8BDA-406EA6F7E4A4}.Debug|x64.Build.0 = Debug|x64
		{312A0B9C-1D1B-4225-8BDA-406EA6F7E4A4}.Debug|x86.ActiveCfg = Debug|Win32
		{312A0B9C-1D1B-4225-8BDA-406EA6F7E4A4}.Debug|x86.Build.0 = Debug|Win32
		{312A0B9C-1D1B-4225-8BDA-406EA6F7E4A4}.Release|x64.ActiveCfg = Release|x64
		{312A0B9C-1D1B-4225-8BDA-406EA6F7E4A4}.Release|x64.Build.0 = Release|x64
		{312A0B9C-1D1B-4225-8BDA-406EA6F7E4A4}.Release|x86.ActiveCfg = Release|Win32
		{312A0B9C-1D1B-4225-8BDA-406EA6F7E4A4}.Release|x86.Build.0 = Release|Win32
	EndGlobalSection
	GlobalSection(SolutionProperties) = preSolution
		HideSolutionNode = FALSE
	EndGlobalSection
	GlobalSection(ExtensibilityGlobals) = postSolution
		SolutionGuid = {CD31710C-10E1-474B-B6D5-4EFCB27A099A}
	EndGlobalSection
EndGlobal
